
Microsoft Visual Studio Solution File, Format Version 12.00
# Visual Studio Version 16
VisualStudioVersion = 16.0.31005.135
MinimumVisualStudioVersion = 10.0.40219.1
Project("{FAE04EC0-301F-11D3-BF4B-00C04F79EFBC}") = "GestaoCliente.FacilAssist", "GestaoCliente.FacilAssist.csproj", "{31C86837-D0D7-4807-9365-B2D00CEEED64}"
EndProject
Global
	GlobalSection(SolutionConfigurationPlatforms) = preSolution
		Debug|Any CPU = Debug|Any CPU
		Release|Any CPU = Release|Any CPU
	EndGlobalSection
	GlobalSection(ProjectConfigurationPlatforms) = postSolution
		{31C86837-D0D7-4807-9365-B2D00CEEED64}.Debug|Any CPU.ActiveCfg = Debug|Any CPU
		{31C86837-D0D7-4807-9365-B2D00CEEED64}.Debug|Any CPU.Build.0 = Debug|Any CPU
		{31C86837-D0D7-4807-9365-B2D00CEEED64}.Release|Any CPU.ActiveCfg = Release|Any CPU
		{31C86837-D0D7-4807-9365-B2D00CEEED64}.Release|Any CPU.Build.0 = Release|Any CPU
	EndGlobalSection
	GlobalSection(SolutionProperties) = preSolution
		HideSolutionNode = FALSE
	EndGlobalSection
	GlobalSection(ExtensibilityGlobals) = postSolution
		SolutionGuid = {D34D9EFE-03C7-4CF2-A314-290300F6C9E9}
	EndGlobalSection
EndGlobal
